
Microsoft Visual Studio Solution File, Format Version 12.00
# Visual Studio Version 16
VisualStudioVersion = 16.0.30114.105
MinimumVisualStudioVersion = 10.0.40219.1
Project("{FAE04EC0-301F-11D3-BF4B-00C04F79EFBC}") = "Экзамен2", "WpfApp1\Экзамен2.csproj", "{2E62D144-4804-433D-B660-A7C8A0EA08A8}"
EndProject
Global
	GlobalSection(SolutionConfigurationPlatforms) = preSolution
		Debug|Any CPU = Debug|Any CPU
		Release|Any CPU = Release|Any CPU
	EndGlobalSection
	GlobalSection(ProjectConfigurationPlatforms) = postSolution
		{2E62D144-4804-433D-B660-A7C8A0EA08A8}.Debug|Any CPU.ActiveCfg = Debug|Any CPU
		{2E62D144-4804-433D-B660-A7C8A0EA08A8}.Debug|Any CPU.Build.0 = Debug|Any CPU
		{2E62D144-4804-433D-B660-A7C8A0EA08A8}.Release|Any CPU.ActiveCfg = Release|Any CPU
		{2E62D144-4804-433D-B660-A7C8A0EA08A8}.Release|Any CPU.Build.0 = Release|Any CPU
	EndGlobalSection
	GlobalSection(SolutionProperties) = preSolution
		HideSolutionNode = FALSE
	EndGlobalSection
	GlobalSection(ExtensibilityGlobals) = postSolution
		SolutionGuid = {F2A15A8B-ED89-4D98-B080-C36AAB8722EC}
	EndGlobalSection
EndGlobal
